
Microsoft Visual Studio Solution File, Format Version 12.00
# Visual Studio 15
VisualStudioVersion = 15.0.27130.2010
MinimumVisualStudioVersion = 10.0.40219.1
Project("{FAE04EC0-301F-11D3-BF4B-00C04F79EFBC}") = "WindowsForms.Client", "WindowsForms.Client\WindowsForms.Client.csproj", "{5FE0885B-76A7-409C-9BCE-7E6BB365874B}"
EndProject
Project("{FAE04EC0-301F-11D3-BF4B-00C04F79EFBC}") = "FIK.DAL", "FIK.DAL\FIK.DAL.csproj", "{D8FBB1B3-3CF0-424C-B49D-E87BA663ACA4}"
EndProject
Global
	GlobalSection(SolutionConfigurationPlatforms) = preSolution
		Debug|Any CPU = Debug|Any CPU
		Release|Any CPU = Release|Any CPU
	EndGlobalSection
	GlobalSection(ProjectConfigurationPlatforms) = postSolution
		{5FE0885B-76A7-409C-9BCE-7E6BB365874B}.Debug|Any CPU.ActiveCfg = Debug|Any CPU
		{5FE0885B-76A7-409C-9BCE-7E6BB365874B}.Debug|Any CPU.Build.0 = Debug|Any CPU
		{5FE0885B-76A7-409C-9BCE-7E6BB365874B}.Release|Any CPU.ActiveCfg = Release|Any CPU
		{5FE0885B-76A7-409C-9BCE-7E6BB365874B}.Release|Any CPU.Build.0 = Release|Any CPU
		{D8FBB1B3-3CF0-424C-B49D-E87BA663ACA4}.Debug|Any CPU.ActiveCfg = Debug|Any CPU
		{D8FBB1B3-3CF0-424C-B49D-E87BA663ACA4}.Debug|Any CPU.Build.0 = Debug|Any CPU
		{D8FBB1B3-3CF0-424C-B49D-E87BA663ACA4}.Release|Any CPU.ActiveCfg = Release|Any CPU
		{D8FBB1B3-3CF0-424C-B49D-E87BA663ACA4}.Release|Any CPU.Build.0 = Release|Any CPU
	EndGlobalSection
	GlobalSection(SolutionProperties) = preSolution
		HideSolutionNode = FALSE
	EndGlobalSection
	GlobalSection(ExtensibilityGlobals) = postSolution
		SolutionGuid = {17D2D9F0-7FAC-44E5-9EBA-E05B7B09C025}
	EndGlobalSection
EndGlobal
